
Microsoft Visual Studio Solution File, Format Version 12.00
# Visual Studio Version 16
VisualStudioVersion = 16.6.30114.105
MinimumVisualStudioVersion = 10.0.40219.1
Project("{9A19103F-16F7-4668-BE54-9A1E7A4F7556}") = "NetUlid", "NetUlid\NetUlid.csproj", "{B4DBEADC-41F9-40A2-94AE-83372E31196E}"
EndProject
Project("{9A19103F-16F7-4668-BE54-9A1E7A4F7556}") = "NetUlid.Tests", "NetUlid.Tests\NetUlid.Tests.csproj", "{BE2C1B27-A406-44E4-91A8-EB65113F48B6}"
EndProject
Project("{FAE04EC0-301F-11D3-BF4B-00C04F79EFBC}") = "NetUlid.Tool", "NetUlid.Tool\NetUlid.Tool.csproj", "{B43D6FFC-843B-4B0D-A4B1-0CA8F197D240}"
EndProject
Project("{FAE04EC0-301F-11D3-BF4B-00C04F79EFBC}") = "NetUlid.Benchmarks", "NetUlid.Benchmarks\NetUlid.Benchmarks.csproj", "{77AA0AE2-128E-4A0F-AF9B-8EBA1728ADEC}"
EndProject
Global
	GlobalSection(SolutionConfigurationPlatforms) = preSolution
		Debug|Any CPU = Debug|Any CPU
		Debug|x64 = Debug|x64
		Debug|x86 = Debug|x86
		Release|Any CPU = Release|Any CPU
		Release|x64 = Release|x64
		Release|x86 = Release|x86
	EndGlobalSection
	GlobalSection(ProjectConfigurationPlatforms) = postSolution
		{B4DBEADC-41F9-40A2-94AE-83372E31196E}.Debug|Any CPU.ActiveCfg = Debug|Any CPU
		{B4DBEADC-41F9-40A2-94AE-83372E31196E}.Debug|Any CPU.Build.0 = Debug|Any CPU
		{B4DBEADC-41F9-40A2-94AE-83372E31196E}.Debug|x64.ActiveCfg = Debug|Any CPU
		{B4DBEADC-41F9-40A2-94AE-83372E31196E}.Debug|x64.Build.0 = Debug|Any CPU
		{B4DBEADC-41F9-40A2-94AE-83372E31196E}.Debug|x86.ActiveCfg = Debug|Any CPU
		{B4DBEADC-41F9-40A2-94AE-83372E31196E}.Debug|x86.Build.0 = Debug|Any CPU
		{B4DBEADC-41F9-40A2-94AE-83372E31196E}.Release|Any CPU.ActiveCfg = Release|Any CPU
		{B4DBEADC-41F9-40A2-94AE-83372E31196E}.Release|Any CPU.Build.0 = Release|Any CPU
		{B4DBEADC-41F9-40A2-94AE-83372E31196E}.Release|x64.ActiveCfg = Release|Any CPU
		{B4DBEADC-41F9-40A2-94AE-83372E31196E}.Release|x64.Build.0 = Release|Any CPU
		{B4DBEADC-41F9-40A2-94AE-83372E31196E}.Release|x86.ActiveCfg = Release|Any CPU
		{B4DBEADC-41F9-40A2-94AE-83372E31196E}.Release|x86.Build.0 = Release|Any CPU
		{BE2C1B27-A406-44E4-91A8-EB65113F48B6}.Debug|Any CPU.ActiveCfg = Debug|Any CPU
		{BE2C1B27-A406-44E4-91A8-EB65113F48B6}.Debug|Any CPU.Build.0 = Debug|Any CPU
		{BE2C1B27-A406-44E4-91A8-EB65113F48B6}.Debug|x64.ActiveCfg = Debug|Any CPU
		{BE2C1B27-A406-44E4-91A8-EB65113F48B6}.Debug|x64.Build.0 = Debug|Any CPU
		{BE2C1B27-A406-44E4-91A8-EB65113F48B6}.Debug|x86.ActiveCfg = Debug|Any CPU
		{BE2C1B27-A406-44E4-91A8-EB65113F48B6}.Debug|x86.Build.0 = Debug|Any CPU
		{BE2C1B27-A406-44E4-91A8-EB65113F48B6}.Release|Any CPU.ActiveCfg = Release|Any CPU
		{BE2C1B27-A406-44E4-91A8-EB65113F48B6}.Release|Any CPU.Build.0 = Release|Any CPU
		{BE2C1B27-A406-44E4-91A8-EB65113F48B6}.Release|x64.ActiveCfg = Release|Any CPU
		{BE2C1B27-A406-44E4-91A8-EB65113F48B6}.Release|x64.Build.0 = Release|Any CPU
		{BE2C1B27-A406-44E4-91A8-EB65113F48B6}.Release|x86.ActiveCfg = Release|Any CPU
		{BE2C1B27-A406-44E4-91A8-EB65113F48B6}.Release|x86.Build.0 = Release|Any CPU
		{B43D6FFC-843B-4B0D-A4B1-0CA8F197D240}.Debug|Any CPU.ActiveCfg = Debug|Any CPU
		{B43D6FFC-843B-4B0D-A4B1-0CA8F197D240}.Debug|Any CPU.Build.0 = Debug|Any CPU
		{B43D6FFC-843B-4B0D-A4B1-0CA8F197D240}.Debug|x64.ActiveCfg = Debug|Any CPU
		{B43D6FFC-843B-4B0D-A4B1-0CA8F197D240}.Debug|x64.Build.0 = Debug|Any CPU
		{B43D6FFC-843B-4B0D-A4B1-0CA8F197D240}.Debug|x86.ActiveCfg = Debug|Any CPU
		{B43D6FFC-843B-4B0D-A4B1-0CA8F197D240}.Debug|x86.Build.0 = Debug|Any CPU
		{B43D6FFC-843B-4B0D-A4B1-0CA8F197D240}.Release|Any CPU.ActiveCfg = Release|Any CPU
		{B43D6FFC-843B-4B0D-A4B1-0CA8F197D240}.Release|Any CPU.Build.0 = Release|Any CPU
		{B43D6FFC-843B-4B0D-A4B1-0CA8F197D240}.Release|x64.ActiveCfg = Release|Any CPU
		{B43D6FFC-843B-4B0D-A4B1-0CA8F197D240}.Release|x64.Build.0 = Release|Any CPU
		{B43D6FFC-843B-4B0D-A4B1-0CA8F197D240}.Release|x86.ActiveCfg = Release|Any CPU
		{B43D6FFC-843B-4B0D-A4B1-0CA8F197D240}.Release|x86.Build.0 = Release|Any CPU
		{77AA0AE2-128E-4A0F-AF9B-8EBA1728ADEC}.Debug|Any CPU.ActiveCfg = Debug|Any CPU
		{77AA0AE2-128E-4A0F-AF9B-8EBA1728ADEC}.Debug|Any CPU.Build.0 = Debug|Any CPU
		{77AA0AE2-128E-4A0F-AF9B-8EBA1728ADEC}.Debug|x64.ActiveCfg = Debug|Any CPU
		{77AA0AE2-128E-4A0F-AF9B-8EBA1728ADEC}.Debug|x64.Build.0 = Debug|Any CPU
		{77AA0AE2-128E-4A0F-AF9B-8EBA1728ADEC}.Debug|x86.ActiveCfg = Debug|Any CPU
		{77AA0AE2-128E-4A0F-AF9B-8EBA1728ADEC}.Debug|x86.Build.0 = Debug|Any CPU
		{77AA0AE2-128E-4A0F-AF9B-8EBA1728ADEC}.Release|Any CPU.ActiveCfg = Release|Any CPU
		{77AA0AE2-128E-4A0F-AF9B-8EBA1728ADEC}.Release|Any CPU.Build.0 = Release|Any CPU
		{77AA0AE2-128E-4A0F-AF9B-8EBA1728ADEC}.Release|x64.ActiveCfg = Release|Any CPU
		{77AA0AE2-128E-4A0F-AF9B-8EBA1728ADEC}.Release|x64.Build.0 = Release|Any CPU
		{77AA0AE2-128E-4A0F-AF9B-8EBA1728ADEC}.Release|x86.ActiveCfg = Release|Any CPU
		{77AA0AE2-128E-4A0F-AF9B-8EBA1728ADEC}.Release|x86.Build.0 = Release|Any CPU
	EndGlobalSection
	GlobalSection(SolutionProperties) = preSolution
		HideSolutionNode = FALSE
	EndGlobalSection
	GlobalSection(ExtensibilityGlobals) = postSolution
		SolutionGuid = {8A9E69A6-3C67-4CAC-92E7-386E6DF0A188}
	EndGlobalSection
EndGlobal
