
Microsoft Visual Studio Solution File, Format Version 12.00
# Visual Studio Version 16
VisualStudioVersion = 16.6.30114.105
MinimumVisualStudioVersion = 10.0.40219.1
Project("{9A19103F-16F7-4668-BE54-9A1E7A4F7556}") = "NetUlid", "NetUlid\NetUlid.csproj", "{B4DBEADC-41F9-40A2-94AE-83372E31196E}"
EndProject
Project("{9A19103F-16F7-4668-BE54-9A1E7A4F7556}") = "NetUlid.Tests", "NetUlid.Tests\NetUlid.Tests.csproj", "{BE2C1B27-A406-44E4-91A8-EB65113F48B6}"
EndProject
Project("{9A19103F-16F7-4668-BE54-9A1E7A4F7556}") = "NetUlid.Npgsql", "NetUlid.Npgsql\NetUlid.Npgsql.csproj", "{FF05245C-AF9F-4588-947C-C1D5F6FDD236}"
EndProject
Project("{9A19103F-16F7-4668-BE54-9A1E7A4F7556}") = "NetUlid.Npgsql.Tests", "NetUlid.Npgsql.Tests\NetUlid.Npgsql.Tests.csproj", "{719104BD-E031-4DFB-A707-3DAAFDA99128}"
EndProject
Project("{9A19103F-16F7-4668-BE54-9A1E7A4F7556}") = "NetUlid.Npgsql.EntityFramework", "NetUlid.Npgsql.EntityFramework\NetUlid.Npgsql.EntityFramework.csproj", "{F5505F45-0EBF-4AF0-8873-3618CDE2D85A}"
EndProject
Project("{9A19103F-16F7-4668-BE54-9A1E7A4F7556}") = "NetUlid.Npgsql.EntityFramework.Tests", "NetUlid.Npgsql.EntityFramework.Tests\NetUlid.Npgsql.EntityFramework.Tests.csproj", "{56A4DFE6-47DC-403F-9AAD-01C51180D09E}"
EndProject
Project("{FAE04EC0-301F-11D3-BF4B-00C04F79EFBC}") = "NetUlid.Tool", "NetUlid.Tool\NetUlid.Tool.csproj", "{B43D6FFC-843B-4B0D-A4B1-0CA8F197D240}"
EndProject
Global
	GlobalSection(SolutionConfigurationPlatforms) = preSolution
		Debug|Any CPU = Debug|Any CPU
		Debug|x64 = Debug|x64
		Debug|x86 = Debug|x86
		Release|Any CPU = Release|Any CPU
		Release|x64 = Release|x64
		Release|x86 = Release|x86
	EndGlobalSection
	GlobalSection(ProjectConfigurationPlatforms) = postSolution
		{B4DBEADC-41F9-40A2-94AE-83372E31196E}.Debug|Any CPU.ActiveCfg = Debug|Any CPU
		{B4DBEADC-41F9-40A2-94AE-83372E31196E}.Debug|Any CPU.Build.0 = Debug|Any CPU
		{B4DBEADC-41F9-40A2-94AE-83372E31196E}.Debug|x64.ActiveCfg = Debug|Any CPU
		{B4DBEADC-41F9-40A2-94AE-83372E31196E}.Debug|x64.Build.0 = Debug|Any CPU
		{B4DBEADC-41F9-40A2-94AE-83372E31196E}.Debug|x86.ActiveCfg = Debug|Any CPU
		{B4DBEADC-41F9-40A2-94AE-83372E31196E}.Debug|x86.Build.0 = Debug|Any CPU
		{B4DBEADC-41F9-40A2-94AE-83372E31196E}.Release|Any CPU.ActiveCfg = Release|Any CPU
		{B4DBEADC-41F9-40A2-94AE-83372E31196E}.Release|Any CPU.Build.0 = Release|Any CPU
		{B4DBEADC-41F9-40A2-94AE-83372E31196E}.Release|x64.ActiveCfg = Release|Any CPU
		{B4DBEADC-41F9-40A2-94AE-83372E31196E}.Release|x64.Build.0 = Release|Any CPU
		{B4DBEADC-41F9-40A2-94AE-83372E31196E}.Release|x86.ActiveCfg = Release|Any CPU
		{B4DBEADC-41F9-40A2-94AE-83372E31196E}.Release|x86.Build.0 = Release|Any CPU
		{BE2C1B27-A406-44E4-91A8-EB65113F48B6}.Debug|Any CPU.ActiveCfg = Debug|Any CPU
		{BE2C1B27-A406-44E4-91A8-EB65113F48B6}.Debug|Any CPU.Build.0 = Debug|Any CPU
		{BE2C1B27-A406-44E4-91A8-EB65113F48B6}.Debug|x64.ActiveCfg = Debug|Any CPU
		{BE2C1B27-A406-44E4-91A8-EB65113F48B6}.Debug|x64.Build.0 = Debug|Any CPU
		{BE2C1B27-A406-44E4-91A8-EB65113F48B6}.Debug|x86.ActiveCfg = Debug|Any CPU
		{BE2C1B27-A406-44E4-91A8-EB65113F48B6}.Debug|x86.Build.0 = Debug|Any CPU
		{BE2C1B27-A406-44E4-91A8-EB65113F48B6}.Release|Any CPU.ActiveCfg = Release|Any CPU
		{BE2C1B27-A406-44E4-91A8-EB65113F48B6}.Release|Any CPU.Build.0 = Release|Any CPU
		{BE2C1B27-A406-44E4-91A8-EB65113F48B6}.Release|x64.ActiveCfg = Release|Any CPU
		{BE2C1B27-A406-44E4-91A8-EB65113F48B6}.Release|x64.Build.0 = Release|Any CPU
		{BE2C1B27-A406-44E4-91A8-EB65113F48B6}.Release|x86.ActiveCfg = Release|Any CPU
		{BE2C1B27-A406-44E4-91A8-EB65113F48B6}.Release|x86.Build.0 = Release|Any CPU
		{FF05245C-AF9F-4588-947C-C1D5F6FDD236}.Debug|Any CPU.ActiveCfg = Debug|Any CPU
		{FF05245C-AF9F-4588-947C-C1D5F6FDD236}.Debug|Any CPU.Build.0 = Debug|Any CPU
		{FF05245C-AF9F-4588-947C-C1D5F6FDD236}.Debug|x64.ActiveCfg = Debug|Any CPU
		{FF05245C-AF9F-4588-947C-C1D5F6FDD236}.Debug|x64.Build.0 = Debug|Any CPU
		{FF05245C-AF9F-4588-947C-C1D5F6FDD236}.Debug|x86.ActiveCfg = Debug|Any CPU
		{FF05245C-AF9F-4588-947C-C1D5F6FDD236}.Debug|x86.Build.0 = Debug|Any CPU
		{FF05245C-AF9F-4588-947C-C1D5F6FDD236}.Release|Any CPU.ActiveCfg = Release|Any CPU
		{FF05245C-AF9F-4588-947C-C1D5F6FDD236}.Release|Any CPU.Build.0 = Release|Any CPU
		{FF05245C-AF9F-4588-947C-C1D5F6FDD236}.Release|x64.ActiveCfg = Release|Any CPU
		{FF05245C-AF9F-4588-947C-C1D5F6FDD236}.Release|x64.Build.0 = Release|Any CPU
		{FF05245C-AF9F-4588-947C-C1D5F6FDD236}.Release|x86.ActiveCfg = Release|Any CPU
		{FF05245C-AF9F-4588-947C-C1D5F6FDD236}.Release|x86.Build.0 = Release|Any CPU
		{719104BD-E031-4DFB-A707-3DAAFDA99128}.Debug|Any CPU.ActiveCfg = Debug|Any CPU
		{719104BD-E031-4DFB-A707-3DAAFDA99128}.Debug|Any CPU.Build.0 = Debug|Any CPU
		{719104BD-E031-4DFB-A707-3DAAFDA99128}.Debug|x64.ActiveCfg = Debug|Any CPU
		{719104BD-E031-4DFB-A707-3DAAFDA99128}.Debug|x64.Build.0 = Debug|Any CPU
		{719104BD-E031-4DFB-A707-3DAAFDA99128}.Debug|x86.ActiveCfg = Debug|Any CPU
		{719104BD-E031-4DFB-A707-3DAAFDA99128}.Debug|x86.Build.0 = Debug|Any CPU
		{719104BD-E031-4DFB-A707-3DAAFDA99128}.Release|Any CPU.ActiveCfg = Release|Any CPU
		{719104BD-E031-4DFB-A707-3DAAFDA99128}.Release|Any CPU.Build.0 = Release|Any CPU
		{719104BD-E031-4DFB-A707-3DAAFDA99128}.Release|x64.ActiveCfg = Release|Any CPU
		{719104BD-E031-4DFB-A707-3DAAFDA99128}.Release|x64.Build.0 = Release|Any CPU
		{719104BD-E031-4DFB-A707-3DAAFDA99128}.Release|x86.ActiveCfg = Release|Any CPU
		{719104BD-E031-4DFB-A707-3DAAFDA99128}.Release|x86.Build.0 = Release|Any CPU
		{F5505F45-0EBF-4AF0-8873-3618CDE2D85A}.Debug|Any CPU.ActiveCfg = Debug|Any CPU
		{F5505F45-0EBF-4AF0-8873-3618CDE2D85A}.Debug|Any CPU.Build.0 = Debug|Any CPU
		{F5505F45-0EBF-4AF0-8873-3618CDE2D85A}.Debug|x64.ActiveCfg = Debug|Any CPU
		{F5505F45-0EBF-4AF0-8873-3618CDE2D85A}.Debug|x64.Build.0 = Debug|Any CPU
		{F5505F45-0EBF-4AF0-8873-3618CDE2D85A}.Debug|x86.ActiveCfg = Debug|Any CPU
		{F5505F45-0EBF-4AF0-8873-3618CDE2D85A}.Debug|x86.Build.0 = Debug|Any CPU
		{F5505F45-0EBF-4AF0-8873-3618CDE2D85A}.Release|Any CPU.ActiveCfg = Release|Any CPU
		{F5505F45-0EBF-4AF0-8873-3618CDE2D85A}.Release|Any CPU.Build.0 = Release|Any CPU
		{F5505F45-0EBF-4AF0-8873-3618CDE2D85A}.Release|x64.ActiveCfg = Release|Any CPU
		{F5505F45-0EBF-4AF0-8873-3618CDE2D85A}.Release|x64.Build.0 = Release|Any CPU
		{F5505F45-0EBF-4AF0-8873-3618CDE2D85A}.Release|x86.ActiveCfg = Release|Any CPU
		{F5505F45-0EBF-4AF0-8873-3618CDE2D85A}.Release|x86.Build.0 = Release|Any CPU
		{56A4DFE6-47DC-403F-9AAD-01C51180D09E}.Debug|Any CPU.ActiveCfg = Debug|Any CPU
		{56A4DFE6-47DC-403F-9AAD-01C51180D09E}.Debug|Any CPU.Build.0 = Debug|Any CPU
		{56A4DFE6-47DC-403F-9AAD-01C51180D09E}.Debug|x64.ActiveCfg = Debug|Any CPU
		{56A4DFE6-47DC-403F-9AAD-01C51180D09E}.Debug|x64.Build.0 = Debug|Any CPU
		{56A4DFE6-47DC-403F-9AAD-01C51180D09E}.Debug|x86.ActiveCfg = Debug|Any CPU
		{56A4DFE6-47DC-403F-9AAD-01C51180D09E}.Debug|x86.Build.0 = Debug|Any CPU
		{56A4DFE6-47DC-403F-9AAD-01C51180D09E}.Release|Any CPU.ActiveCfg = Release|Any CPU
		{56A4DFE6-47DC-403F-9AAD-01C51180D09E}.Release|Any CPU.Build.0 = Release|Any CPU
		{56A4DFE6-47DC-403F-9AAD-01C51180D09E}.Release|x64.ActiveCfg = Release|Any CPU
		{56A4DFE6-47DC-403F-9AAD-01C51180D09E}.Release|x64.Build.0 = Release|Any CPU
		{56A4DFE6-47DC-403F-9AAD-01C51180D09E}.Release|x86.ActiveCfg = Release|Any CPU
		{56A4DFE6-47DC-403F-9AAD-01C51180D09E}.Release|x86.Build.0 = Release|Any CPU
		{B43D6FFC-843B-4B0D-A4B1-0CA8F197D240}.Debug|Any CPU.ActiveCfg = Debug|Any CPU
		{B43D6FFC-843B-4B0D-A4B1-0CA8F197D240}.Debug|Any CPU.Build.0 = Debug|Any CPU
		{B43D6FFC-843B-4B0D-A4B1-0CA8F197D240}.Debug|x64.ActiveCfg = Debug|Any CPU
		{B43D6FFC-843B-4B0D-A4B1-0CA8F197D240}.Debug|x64.Build.0 = Debug|Any CPU
		{B43D6FFC-843B-4B0D-A4B1-0CA8F197D240}.Debug|x86.ActiveCfg = Debug|Any CPU
		{B43D6FFC-843B-4B0D-A4B1-0CA8F197D240}.Debug|x86.Build.0 = Debug|Any CPU
		{B43D6FFC-843B-4B0D-A4B1-0CA8F197D240}.Release|Any CPU.ActiveCfg = Release|Any CPU
		{B43D6FFC-843B-4B0D-A4B1-0CA8F197D240}.Release|Any CPU.Build.0 = Release|Any CPU
		{B43D6FFC-843B-4B0D-A4B1-0CA8F197D240}.Release|x64.ActiveCfg = Release|Any CPU
		{B43D6FFC-843B-4B0D-A4B1-0CA8F197D240}.Release|x64.Build.0 = Release|Any CPU
		{B43D6FFC-843B-4B0D-A4B1-0CA8F197D240}.Release|x86.ActiveCfg = Release|Any CPU
		{B43D6FFC-843B-4B0D-A4B1-0CA8F197D240}.Release|x86.Build.0 = Release|Any CPU
	EndGlobalSection
	GlobalSection(SolutionProperties) = preSolution
		HideSolutionNode = FALSE
	EndGlobalSection
	GlobalSection(ExtensibilityGlobals) = postSolution
		SolutionGuid = {8A9E69A6-3C67-4CAC-92E7-386E6DF0A188}
	EndGlobalSection
EndGlobal
